// !$*UTF8*$!
{
	archiveVersion = 1;
	classes = {
	};
	objectVersion = 56;
	objects = {

/* Begin PBXBuildFile section */
		241BF58F2A0B42BD0064F88D /* OptionItemView.xib in Resources */ = {isa = PBXBuildFile; fileRef = 241BF58E2A0B42BD0064F88D /* OptionItemView.xib */; };
		241BF5912A0B4DEC0064F88D /* ReplacePresentationAnimator.swift in Sources */ = {isa = PBXBuildFile; fileRef = 241BF5902A0B4DEC0064F88D /* ReplacePresentationAnimator.swift */; };
		8A7565C52A0A30730006B044 /* OptionItemView.swift in Sources */ = {isa = PBXBuildFile; fileRef = 8A7565C32A0A30730006B044 /* OptionItemView.swift */; };
		8A7565C82A0A4A590006B044 /* ConverterOption.swift in Sources */ = {isa = PBXBuildFile; fileRef = 8A7565C72A0A4A590006B044 /* ConverterOption.swift */; };
		8A917D4C2A02432300846BE0 /* AppDelegate.swift in Sources */ = {isa = PBXBuildFile; fileRef = 8A917D4B2A02432300846BE0 /* AppDelegate.swift */; };
		8A917D4E2A02432300846BE0 /* ViewController.swift in Sources */ = {isa = PBXBuildFile; fileRef = 8A917D4D2A02432300846BE0 /* ViewController.swift */; };
		8A917D502A02432600846BE0 /* Assets.xcassets in Resources */ = {isa = PBXBuildFile; fileRef = 8A917D4F2A02432600846BE0 /* Assets.xcassets */; };
		8A917D532A02432600846BE0 /* Main.storyboard in Resources */ = {isa = PBXBuildFile; fileRef = 8A917D512A02432600846BE0 /* Main.storyboard */; };
		8A917D5B2A02459C00846BE0 /* DragView.swift in Sources */ = {isa = PBXBuildFile; fileRef = 8A917D5A2A02459C00846BE0 /* DragView.swift */; };
		8A917D602A08B09500846BE0 /* Extensions.swift in Sources */ = {isa = PBXBuildFile; fileRef = 8A917D5F2A08B09500846BE0 /* Extensions.swift */; };
		8A917D622A08B0CA00846BE0 /* ProtocolsHelper.swift in Sources */ = {isa = PBXBuildFile; fileRef = 8A917D612A08B0CA00846BE0 /* ProtocolsHelper.swift */; };
		8A917D652A08B2A100846BE0 /* DarknetTxtToJson.swift in Sources */ = {isa = PBXBuildFile; fileRef = 8A917D642A08B2A100846BE0 /* DarknetTxtToJson.swift */; };
		8A917D692A08C34F00846BE0 /* DarknetTxtToJsonController.swift in Sources */ = {isa = PBXBuildFile; fileRef = 8A917D682A08C34F00846BE0 /* DarknetTxtToJsonController.swift */; };
		8A917D6C2A08FD4300846BE0 /* TxtToJsonConverter.swift in Sources */ = {isa = PBXBuildFile; fileRef = 8A917D6B2A08FD4300846BE0 /* TxtToJsonConverter.swift */; };
/* End PBXBuildFile section */

/* Begin PBXFileReference section */
		241BF58E2A0B42BD0064F88D /* OptionItemView.xib */ = {isa = PBXFileReference; lastKnownFileType = file.xib; path = OptionItemView.xib; sourceTree = "<group>"; };
		241BF5902A0B4DEC0064F88D /* ReplacePresentationAnimator.swift */ = {isa = PBXFileReference; lastKnownFileType = sourcecode.swift; path = ReplacePresentationAnimator.swift; sourceTree = "<group>"; };
		8A7565C32A0A30730006B044 /* OptionItemView.swift */ = {isa = PBXFileReference; lastKnownFileType = sourcecode.swift; path = OptionItemView.swift; sourceTree = "<group>"; };
		8A7565C72A0A4A590006B044 /* ConverterOption.swift */ = {isa = PBXFileReference; lastKnownFileType = sourcecode.swift; path = ConverterOption.swift; sourceTree = "<group>"; };
		8A917D482A02432300846BE0 /* Annotation-Converter.app */ = {isa = PBXFileReference; explicitFileType = wrapper.application; includeInIndex = 0; path = "Annotation-Converter.app"; sourceTree = BUILT_PRODUCTS_DIR; };
		8A917D4B2A02432300846BE0 /* AppDelegate.swift */ = {isa = PBXFileReference; lastKnownFileType = sourcecode.swift; path = AppDelegate.swift; sourceTree = "<group>"; };
		8A917D4D2A02432300846BE0 /* ViewController.swift */ = {isa = PBXFileReference; lastKnownFileType = sourcecode.swift; path = ViewController.swift; sourceTree = "<group>"; };
		8A917D4F2A02432600846BE0 /* Assets.xcassets */ = {isa = PBXFileReference; lastKnownFileType = folder.assetcatalog; path = Assets.xcassets; sourceTree = "<group>"; };
		8A917D522A02432600846BE0 /* Base */ = {isa = PBXFileReference; lastKnownFileType = file.storyboard; name = Base; path = Base.lproj/Main.storyboard; sourceTree = "<group>"; };
		8A917D542A02432600846BE0 /* DarknetToJson.entitlements */ = {isa = PBXFileReference; lastKnownFileType = text.plist.entitlements; path = DarknetToJson.entitlements; sourceTree = "<group>"; };
		8A917D5A2A02459C00846BE0 /* DragView.swift */ = {isa = PBXFileReference; lastKnownFileType = sourcecode.swift; path = DragView.swift; sourceTree = "<group>"; };
		8A917D5F2A08B09500846BE0 /* Extensions.swift */ = {isa = PBXFileReference; lastKnownFileType = sourcecode.swift; path = Extensions.swift; sourceTree = "<group>"; };
		8A917D612A08B0CA00846BE0 /* ProtocolsHelper.swift */ = {isa = PBXFileReference; lastKnownFileType = sourcecode.swift; path = ProtocolsHelper.swift; sourceTree = "<group>"; };
		8A917D642A08B2A100846BE0 /* DarknetTxtToJson.swift */ = {isa = PBXFileReference; lastKnownFileType = sourcecode.swift; path = DarknetTxtToJson.swift; sourceTree = "<group>"; };
		8A917D682A08C34F00846BE0 /* DarknetTxtToJsonController.swift */ = {isa = PBXFileReference; lastKnownFileType = sourcecode.swift; path = DarknetTxtToJsonController.swift; sourceTree = "<group>"; };
		8A917D6B2A08FD4300846BE0 /* TxtToJsonConverter.swift */ = {isa = PBXFileReference; lastKnownFileType = sourcecode.swift; path = TxtToJsonConverter.swift; sourceTree = "<group>"; };
/* End PBXFileReference section */

/* Begin PBXFrameworksBuildPhase section */
		8A917D452A02432200846BE0 /* Frameworks */ = {
			isa = PBXFrameworksBuildPhase;
			buildActionMask = 2147483647;
			files = (
			);
			runOnlyForDeploymentPostprocessing = 0;
		};
/* End PBXFrameworksBuildPhase section */

/* Begin PBXGroup section */
		8A917D3F2A02432200846BE0 = {
			isa = PBXGroup;
			children = (
				8A917D4A2A02432300846BE0 /* DarknetToJson */,
				8A917D492A02432300846BE0 /* Products */,
			);
			sourceTree = "<group>";
		};
		8A917D492A02432300846BE0 /* Products */ = {
			isa = PBXGroup;
			children = (
				8A917D482A02432300846BE0 /* Annotation-Converter.app */,
			);
			name = Products;
			sourceTree = "<group>";
		};
		8A917D4A2A02432300846BE0 /* DarknetToJson */ = {
			isa = PBXGroup;
			children = (
				8A917D4B2A02432300846BE0 /* AppDelegate.swift */,
				8A917D4D2A02432300846BE0 /* ViewController.swift */,
				8A917D5A2A02459C00846BE0 /* DragView.swift */,
				8A7565C32A0A30730006B044 /* OptionItemView.swift */,
				241BF58E2A0B42BD0064F88D /* OptionItemView.xib */,
				8A917D672A08C33600846BE0 /* Controllers */,
				8A917D6A2A08FD2B00846BE0 /* Converters */,
				8A917D662A08B2E200846BE0 /* Helpers */,
				8A917D632A08B28200846BE0 /* Resonse Objects */,
				8A917D4F2A02432600846BE0 /* Assets.xcassets */,
				8A917D512A02432600846BE0 /* Main.storyboard */,
				8A917D542A02432600846BE0 /* DarknetToJson.entitlements */,
			);
			path = DarknetToJson;
			sourceTree = "<group>";
		};
		8A917D632A08B28200846BE0 /* Resonse Objects */ = {
			isa = PBXGroup;
			children = (
				8A917D642A08B2A100846BE0 /* DarknetTxtToJson.swift */,
			);
			path = "Resonse Objects";
			sourceTree = "<group>";
		};
		8A917D662A08B2E200846BE0 /* Helpers */ = {
			isa = PBXGroup;
			children = (
				8A917D612A08B0CA00846BE0 /* ProtocolsHelper.swift */,
				8A917D5F2A08B09500846BE0 /* Extensions.swift */,
				8A7565C72A0A4A590006B044 /* ConverterOption.swift */,
				241BF5902A0B4DEC0064F88D /* ReplacePresentationAnimator.swift */,
			);
			path = Helpers;
			sourceTree = "<group>";
		};
		8A917D672A08C33600846BE0 /* Controllers */ = {
			isa = PBXGroup;
			children = (
				8A917D682A08C34F00846BE0 /* DarknetTxtToJsonController.swift */,
			);
			path = Controllers;
			sourceTree = "<group>";
		};
		8A917D6A2A08FD2B00846BE0 /* Converters */ = {
			isa = PBXGroup;
			children = (
				8A917D6B2A08FD4300846BE0 /* TxtToJsonConverter.swift */,
			);
			path = Converters;
			sourceTree = "<group>";
		};
/* End PBXGroup section */

/* Begin PBXNativeTarget section */
		8A917D472A02432200846BE0 /* Annotation-Converter */ = {
			isa = PBXNativeTarget;
			buildConfigurationList = 8A917D572A02432600846BE0 /* Build configuration list for PBXNativeTarget "Annotation-Converter" */;
			buildPhases = (
				8A917D442A02432200846BE0 /* Sources */,
				8A917D452A02432200846BE0 /* Frameworks */,
				8A917D462A02432200846BE0 /* Resources */,
			);
			buildRules = (
			);
			dependencies = (
			);
			name = "Annotation-Converter";
			packageProductDependencies = (
			);
			productName = DarknetToJson;
			productReference = 8A917D482A02432300846BE0 /* Annotation-Converter.app */;
			productType = "com.apple.product-type.application";
		};
/* End PBXNativeTarget section */

/* Begin PBXProject section */
		8A917D402A02432200846BE0 /* Project object */ = {
			isa = PBXProject;
			attributes = {
				BuildIndependentTargetsInParallel = 1;
				LastSwiftUpdateCheck = 1420;
				LastUpgradeCheck = 1420;
				TargetAttributes = {
					8A917D472A02432200846BE0 = {
						CreatedOnToolsVersion = 14.2;
					};
				};
			};
			buildConfigurationList = 8A917D432A02432200846BE0 /* Build configuration list for PBXProject "Annotation-Converter" */;
			compatibilityVersion = "Xcode 14.0";
			developmentRegion = en;
			hasScannedForEncodings = 0;
			knownRegions = (
				en,
				Base,
			);
			mainGroup = 8A917D3F2A02432200846BE0;
			packageReferences = (
			);
			productRefGroup = 8A917D492A02432300846BE0 /* Products */;
			projectDirPath = "";
			projectRoot = "";
			targets = (
				8A917D472A02432200846BE0 /* Annotation-Converter */,
			);
		};
/* End PBXProject section */

/* Begin PBXResourcesBuildPhase section */
		8A917D462A02432200846BE0 /* Resources */ = {
			isa = PBXResourcesBuildPhase;
			buildActionMask = 2147483647;
			files = (
				241BF58F2A0B42BD0064F88D /* OptionItemView.xib in Resources */,
				8A917D502A02432600846BE0 /* Assets.xcassets in Resources */,
				8A917D532A02432600846BE0 /* Main.storyboard in Resources */,
			);
			runOnlyForDeploymentPostprocessing = 0;
		};
/* End PBXResourcesBuildPhase section */

/* Begin PBXSourcesBuildPhase section */
		8A917D442A02432200846BE0 /* Sources */ = {
			isa = PBXSourcesBuildPhase;
			buildActionMask = 2147483647;
			files = (
				8A917D6C2A08FD4300846BE0 /* TxtToJsonConverter.swift in Sources */,
				8A7565C52A0A30730006B044 /* OptionItemView.swift in Sources */,
				8A917D4E2A02432300846BE0 /* ViewController.swift in Sources */,
				8A7565C82A0A4A590006B044 /* ConverterOption.swift in Sources */,
				8A917D622A08B0CA00846BE0 /* ProtocolsHelper.swift in Sources */,
				8A917D4C2A02432300846BE0 /* AppDelegate.swift in Sources */,
				8A917D5B2A02459C00846BE0 /* DragView.swift in Sources */,
				8A917D692A08C34F00846BE0 /* DarknetTxtToJsonController.swift in Sources */,
				8A917D602A08B09500846BE0 /* Extensions.swift in Sources */,
				241BF5912A0B4DEC0064F88D /* ReplacePresentationAnimator.swift in Sources */,
				8A917D652A08B2A100846BE0 /* DarknetTxtToJson.swift in Sources */,
			);
			runOnlyForDeploymentPostprocessing = 0;
		};
/* End PBXSourcesBuildPhase section */

/* Begin PBXVariantGroup section */
		8A917D512A02432600846BE0 /* Main.storyboard */ = {
			isa = PBXVariantGroup;
			children = (
				8A917D522A02432600846BE0 /* Base */,
			);
			name = Main.storyboard;
			sourceTree = "<group>";
		};
/* End PBXVariantGroup section */

/* Begin XCBuildConfiguration section */
		8A917D552A02432600846BE0 /* Debug */ = {
			isa = XCBuildConfiguration;
			buildSettings = {
				ALWAYS_SEARCH_USER_PATHS = NO;
				CLANG_ANALYZER_NONNULL = YES;
				CLANG_ANALYZER_NUMBER_OBJECT_CONVERSION = YES_AGGRESSIVE;
				CLANG_CXX_LANGUAGE_STANDARD = "gnu++20";
				CLANG_ENABLE_MODULES = YES;
				CLANG_ENABLE_OBJC_ARC = YES;
				CLANG_ENABLE_OBJC_WEAK = YES;
				CLANG_WARN_BLOCK_CAPTURE_AUTORELEASING = YES;
				CLANG_WARN_BOOL_CONVERSION = YES;
				CLANG_WARN_COMMA = YES;
				CLANG_WARN_CONSTANT_CONVERSION = YES;
				CLANG_WARN_DEPRECATED_OBJC_IMPLEMENTATIONS = YES;
				CLANG_WARN_DIRECT_OBJC_ISA_USAGE = YES_ERROR;
				CLANG_WARN_DOCUMENTATION_COMMENTS = YES;
				CLANG_WARN_EMPTY_BODY = YES;
				CLANG_WARN_ENUM_CONVERSION = YES;
				CLANG_WARN_INFINITE_RECURSION = YES;
				CLANG_WARN_INT_CONVERSION = YES;
				CLANG_WARN_NON_LITERAL_NULL_CONVERSION = YES;
				CLANG_WARN_OBJC_IMPLICIT_RETAIN_SELF = YES;
				CLANG_WARN_OBJC_LITERAL_CONVERSION = YES;
				CLANG_WARN_OBJC_ROOT_CLASS = YES_ERROR;
				CLANG_WARN_QUOTED_INCLUDE_IN_FRAMEWORK_HEADER = YES;
				CLANG_WARN_RANGE_LOOP_ANALYSIS = YES;
				CLANG_WARN_STRICT_PROTOTYPES = YES;
				CLANG_WARN_SUSPICIOUS_MOVE = YES;
				CLANG_WARN_UNGUARDED_AVAILABILITY = YES_AGGRESSIVE;
				CLANG_WARN_UNREACHABLE_CODE = YES;
				CLANG_WARN__DUPLICATE_METHOD_MATCH = YES;
				COPY_PHASE_STRIP = NO;
				DEBUG_INFORMATION_FORMAT = dwarf;
				ENABLE_STRICT_OBJC_MSGSEND = YES;
				ENABLE_TESTABILITY = YES;
				GCC_C_LANGUAGE_STANDARD = gnu11;
				GCC_DYNAMIC_NO_PIC = NO;
				GCC_NO_COMMON_BLOCKS = YES;
				GCC_OPTIMIZATION_LEVEL = 0;
				GCC_PREPROCESSOR_DEFINITIONS = (
					"DEBUG=1",
					"$(inherited)",
				);
				GCC_WARN_64_TO_32_BIT_CONVERSION = YES;
				GCC_WARN_ABOUT_RETURN_TYPE = YES_ERROR;
				GCC_WARN_UNDECLARED_SELECTOR = YES;
				GCC_WARN_UNINITIALIZED_AUTOS = YES_AGGRESSIVE;
				GCC_WARN_UNUSED_FUNCTION = YES;
				GCC_WARN_UNUSED_VARIABLE = YES;
				MACOSX_DEPLOYMENT_TARGET = 13.1;
				MTL_ENABLE_DEBUG_INFO = INCLUDE_SOURCE;
				MTL_FAST_MATH = YES;
				ONLY_ACTIVE_ARCH = YES;
				SDKROOT = macosx;
				SWIFT_ACTIVE_COMPILATION_CONDITIONS = DEBUG;
				SWIFT_OPTIMIZATION_LEVEL = "-Onone";
			};
			name = Debug;
		};
		8A917D562A02432600846BE0 /* Release */ = {
			isa = XCBuildConfiguration;
			buildSettings = {
				ALWAYS_SEARCH_USER_PATHS = NO;
				CLANG_ANALYZER_NONNULL = YES;
				CLANG_ANALYZER_NUMBER_OBJECT_CONVERSION = YES_AGGRESSIVE;
				CLANG_CXX_LANGUAGE_STANDARD = "gnu++20";
				CLANG_ENABLE_MODULES = YES;
				CLANG_ENABLE_OBJC_ARC = YES;
				CLANG_ENABLE_OBJC_WEAK = YES;
				CLANG_WARN_BLOCK_CAPTURE_AUTORELEASING = YES;
				CLANG_WARN_BOOL_CONVERSION = YES;
				CLANG_WARN_COMMA = YES;
				CLANG_WARN_CONSTANT_CONVERSION = YES;
				CLANG_WARN_DEPRECATED_OBJC_IMPLEMENTATIONS = YES;
				CLANG_WARN_DIRECT_OBJC_ISA_USAGE = YES_ERROR;
				CLANG_WARN_DOCUMENTATION_COMMENTS = YES;
				CLANG_WARN_EMPTY_BODY = YES;
				CLANG_WARN_ENUM_CONVERSION = YES;
				CLANG_WARN_INFINITE_RECURSION = YES;
				CLANG_WARN_INT_CONVERSION = YES;
				CLANG_WARN_NON_LITERAL_NULL_CONVERSION = YES;
				CLANG_WARN_OBJC_IMPLICIT_RETAIN_SELF = YES;
				CLANG_WARN_OBJC_LITERAL_CONVERSION = YES;
				CLANG_WARN_OBJC_ROOT_CLASS = YES_ERROR;
				CLANG_WARN_QUOTED_INCLUDE_IN_FRAMEWORK_HEADER = YES;
				CLANG_WARN_RANGE_LOOP_ANALYSIS = YES;
				CLANG_WARN_STRICT_PROTOTYPES = YES;
				CLANG_WARN_SUSPICIOUS_MOVE = YES;
				CLANG_WARN_UNGUARDED_AVAILABILITY = YES_AGGRESSIVE;
				CLANG_WARN_UNREACHABLE_CODE = YES;
				CLANG_WARN__DUPLICATE_METHOD_MATCH = YES;
				COPY_PHASE_STRIP = NO;
				DEBUG_INFORMATION_FORMAT = "dwarf-with-dsym";
				ENABLE_NS_ASSERTIONS = NO;
				ENABLE_STRICT_OBJC_MSGSEND = YES;
				GCC_C_LANGUAGE_STANDARD = gnu11;
				GCC_NO_COMMON_BLOCKS = YES;
				GCC_WARN_64_TO_32_BIT_CONVERSION = YES;
				GCC_WARN_ABOUT_RETURN_TYPE = YES_ERROR;
				GCC_WARN_UNDECLARED_SELECTOR = YES;
				GCC_WARN_UNINITIALIZED_AUTOS = YES_AGGRESSIVE;
				GCC_WARN_UNUSED_FUNCTION = YES;
				GCC_WARN_UNUSED_VARIABLE = YES;
				MACOSX_DEPLOYMENT_TARGET = 13.1;
				MTL_ENABLE_DEBUG_INFO = NO;
				MTL_FAST_MATH = YES;
				SDKROOT = macosx;
				SWIFT_COMPILATION_MODE = wholemodule;
				SWIFT_OPTIMIZATION_LEVEL = "-O";
			};
			name = Release;
		};
		8A917D582A02432600846BE0 /* Debug */ = {
			isa = XCBuildConfiguration;
			buildSettings = {
				ASSETCATALOG_COMPILER_APPICON_NAME = AppIcon;
				ASSETCATALOG_COMPILER_GLOBAL_ACCENT_COLOR_NAME = AccentColor;
				CODE_SIGN_ENTITLEMENTS = DarknetToJson/DarknetToJson.entitlements;
				CODE_SIGN_STYLE = Automatic;
				COMBINE_HIDPI_IMAGES = YES;
				CURRENT_PROJECT_VERSION = 1;
				DEVELOPMENT_TEAM = L3HB5ZS4XQ;
				ENABLE_HARDENED_RUNTIME = YES;
				GENERATE_INFOPLIST_FILE = YES;
				INFOPLIST_KEY_NSHumanReadableCopyright = "";
				INFOPLIST_KEY_NSMainStoryboardFile = Main;
				INFOPLIST_KEY_NSPrincipalClass = NSApplication;
				LD_RUNPATH_SEARCH_PATHS = (
					"$(inherited)",
					"@executable_path/../Frameworks",
				);
				MARKETING_VERSION = 1.0;
				PRODUCT_BUNDLE_IDENTIFIER = com.darvis.DarknetToJson;
				PRODUCT_NAME = "$(TARGET_NAME)";
				SWIFT_EMIT_LOC_STRINGS = YES;
				SWIFT_VERSION = 5.0;
			};
			name = Debug;
		};
		8A917D592A02432600846BE0 /* Release */ = {
			isa = XCBuildConfiguration;
			buildSettings = {
				ASSETCATALOG_COMPILER_APPICON_NAME = AppIcon;
				ASSETCATALOG_COMPILER_GLOBAL_ACCENT_COLOR_NAME = AccentColor;
				CODE_SIGN_ENTITLEMENTS = DarknetToJson/DarknetToJson.entitlements;
				CODE_SIGN_STYLE = Automatic;
				COMBINE_HIDPI_IMAGES = YES;
				CURRENT_PROJECT_VERSION = 1;
				DEVELOPMENT_TEAM = L3HB5ZS4XQ;
				ENABLE_HARDENED_RUNTIME = YES;
				GENERATE_INFOPLIST_FILE = YES;
				INFOPLIST_KEY_NSHumanReadableCopyright = "";
				INFOPLIST_KEY_NSMainStoryboardFile = Main;
				INFOPLIST_KEY_NSPrincipalClass = NSApplication;
				LD_RUNPATH_SEARCH_PATHS = (
					"$(inherited)",
					"@executable_path/../Frameworks",
				);
				MARKETING_VERSION = 1.0;
				PRODUCT_BUNDLE_IDENTIFIER = com.darvis.DarknetToJson;
				PRODUCT_NAME = "$(TARGET_NAME)";
				SWIFT_EMIT_LOC_STRINGS = YES;
				SWIFT_VERSION = 5.0;
			};
			name = Release;
		};
/* End XCBuildConfiguration section */

/* Begin XCConfigurationList section */
		8A917D432A02432200846BE0 /* Build configuration list for PBXProject "Annotation-Converter" */ = {
			isa = XCConfigurationList;
			buildConfigurations = (
				8A917D552A02432600846BE0 /* Debug */,
				8A917D562A02432600846BE0 /* Release */,
			);
			defaultConfigurationIsVisible = 0;
			defaultConfigurationName = Release;
		};
		8A917D572A02432600846BE0 /* Build configuration list for PBXNativeTarget "Annotation-Converter" */ = {
			isa = XCConfigurationList;
			buildConfigurations = (
				8A917D582A02432600846BE0 /* Debug */,
				8A917D592A02432600846BE0 /* Release */,
			);
			defaultConfigurationIsVisible = 0;
			defaultConfigurationName = Release;
		};
/* End XCConfigurationList section */
	};
	rootObject = 8A917D402A02432200846BE0 /* Project object */;
}
